
Microsoft Visual Studio Solution File, Format Version 12.00
# Visual Studio Version 17
VisualStudioVersion = 17.7.34202.233
MinimumVisualStudioVersion = 10.0.40219.1
Project("{9A19103F-16F7-4668-BE54-9A1E7A4F7556}") = "techchallenge-microservico-pagamento", "techchallenge-microservico-pagamento\techchallenge-microservico-pagamento.csproj", "{CBE1034B-E617-435A-A844-AF43D87DD4FF}"
EndProject
Project("{2150E333-8FDC-42A3-9474-1A3956D46DE8}") = "Tests", "Tests", "{02C012EC-B322-4C77-8D8B-9415F5EA158C}"
EndProject
Project("{9A19103F-16F7-4668-BE54-9A1E7A4F7556}") = "techchallenge-ms-pagamento-test", "techchallenge-ms-pagamento-test\techchallenge-ms-pagamento-test.csproj", "{B096EEC3-2DC2-4E4F-9186-476354641FF4}"
EndProject
Project("{2150E333-8FDC-42A3-9474-1A3956D46DE8}") = "Adapter", "Adapter", "{1906E401-9472-46C5-A606-AE375F108DF0}"
EndProject
Project("{2150E333-8FDC-42A3-9474-1A3956D46DE8}") = "Core", "Core", "{FAEA9A9A-89B7-42DD-9D4C-976B58D435FE}"
EndProject
Project("{2150E333-8FDC-42A3-9474-1A3956D46DE8}") = "Driven", "Driven", "{43960A17-449C-4BF6-B891-3C06A5CC35C5}"
EndProject
Project("{2150E333-8FDC-42A3-9474-1A3956D46DE8}") = "Driver", "Driver", "{8B712B65-110E-4F42-936D-918A24D868D4}"
EndProject
Project("{9A19103F-16F7-4668-BE54-9A1E7A4F7556}") = "Infra", "Infra\Infra.csproj", "{9A4285E2-236C-491A-A6BC-F4D3831414DA}"
EndProject
Project("{9A19103F-16F7-4668-BE54-9A1E7A4F7556}") = "Application", "Application\Application.csproj", "{BA48CA05-F0A7-4DFE-AE10-C7C56DB1A46C}"
EndProject
Project("{9A19103F-16F7-4668-BE54-9A1E7A4F7556}") = "Domain", "Domain\Domain.csproj", "{A2E05F00-C694-45B7-A1B0-0AB94CD147CE}"
EndProject
Project("{9A19103F-16F7-4668-BE54-9A1E7A4F7556}") = "SpecFlowBDDTests", "SpecFlowBDDTests\SpecFlowBDDTests.csproj", "{B4EBBAE1-B881-44CE-AD93-8693D2C393E7}"
EndProject
Project("{E53339B2-1760-4266-BCC7-CA923CBCF16C}") = "docker-compose", "docker-compose.dcproj", "{B45809DD-9B1F-4287-A001-5343B471FBFA}"
EndProject
Global
	GlobalSection(SolutionConfigurationPlatforms) = preSolution
		Debug|Any CPU = Debug|Any CPU
		Release|Any CPU = Release|Any CPU
	EndGlobalSection
	GlobalSection(ProjectConfigurationPlatforms) = postSolution
		{CBE1034B-E617-435A-A844-AF43D87DD4FF}.Debug|Any CPU.ActiveCfg = Debug|Any CPU
		{CBE1034B-E617-435A-A844-AF43D87DD4FF}.Debug|Any CPU.Build.0 = Debug|Any CPU
		{CBE1034B-E617-435A-A844-AF43D87DD4FF}.Release|Any CPU.ActiveCfg = Release|Any CPU
		{CBE1034B-E617-435A-A844-AF43D87DD4FF}.Release|Any CPU.Build.0 = Release|Any CPU
		{B096EEC3-2DC2-4E4F-9186-476354641FF4}.Debug|Any CPU.ActiveCfg = Debug|Any CPU
		{B096EEC3-2DC2-4E4F-9186-476354641FF4}.Debug|Any CPU.Build.0 = Debug|Any CPU
		{B096EEC3-2DC2-4E4F-9186-476354641FF4}.Release|Any CPU.ActiveCfg = Release|Any CPU
		{B096EEC3-2DC2-4E4F-9186-476354641FF4}.Release|Any CPU.Build.0 = Release|Any CPU
		{9A4285E2-236C-491A-A6BC-F4D3831414DA}.Debug|Any CPU.ActiveCfg = Debug|Any CPU
		{9A4285E2-236C-491A-A6BC-F4D3831414DA}.Debug|Any CPU.Build.0 = Debug|Any CPU
		{9A4285E2-236C-491A-A6BC-F4D3831414DA}.Release|Any CPU.ActiveCfg = Release|Any CPU
		{9A4285E2-236C-491A-A6BC-F4D3831414DA}.Release|Any CPU.Build.0 = Release|Any CPU
		{BA48CA05-F0A7-4DFE-AE10-C7C56DB1A46C}.Debug|Any CPU.ActiveCfg = Debug|Any CPU
		{BA48CA05-F0A7-4DFE-AE10-C7C56DB1A46C}.Debug|Any CPU.Build.0 = Debug|Any CPU
		{BA48CA05-F0A7-4DFE-AE10-C7C56DB1A46C}.Release|Any CPU.ActiveCfg = Release|Any CPU
		{BA48CA05-F0A7-4DFE-AE10-C7C56DB1A46C}.Release|Any CPU.Build.0 = Release|Any CPU
		{A2E05F00-C694-45B7-A1B0-0AB94CD147CE}.Debug|Any CPU.ActiveCfg = Debug|Any CPU
		{A2E05F00-C694-45B7-A1B0-0AB94CD147CE}.Debug|Any CPU.Build.0 = Debug|Any CPU
		{A2E05F00-C694-45B7-A1B0-0AB94CD147CE}.Release|Any CPU.ActiveCfg = Release|Any CPU
		{A2E05F00-C694-45B7-A1B0-0AB94CD147CE}.Release|Any CPU.Build.0 = Release|Any CPU
		{B4EBBAE1-B881-44CE-AD93-8693D2C393E7}.Debug|Any CPU.ActiveCfg = Debug|Any CPU
		{B4EBBAE1-B881-44CE-AD93-8693D2C393E7}.Debug|Any CPU.Build.0 = Debug|Any CPU
		{B4EBBAE1-B881-44CE-AD93-8693D2C393E7}.Release|Any CPU.ActiveCfg = Release|Any CPU
		{B4EBBAE1-B881-44CE-AD93-8693D2C393E7}.Release|Any CPU.Build.0 = Release|Any CPU
		{B45809DD-9B1F-4287-A001-5343B471FBFA}.Debug|Any CPU.ActiveCfg = Debug|Any CPU
		{B45809DD-9B1F-4287-A001-5343B471FBFA}.Debug|Any CPU.Build.0 = Debug|Any CPU
		{B45809DD-9B1F-4287-A001-5343B471FBFA}.Release|Any CPU.ActiveCfg = Release|Any CPU
		{B45809DD-9B1F-4287-A001-5343B471FBFA}.Release|Any CPU.Build.0 = Release|Any CPU
	EndGlobalSection
	GlobalSection(SolutionProperties) = preSolution
		HideSolutionNode = FALSE
	EndGlobalSection
	GlobalSection(NestedProjects) = preSolution
		{CBE1034B-E617-435A-A844-AF43D87DD4FF} = {8B712B65-110E-4F42-936D-918A24D868D4}
		{B096EEC3-2DC2-4E4F-9186-476354641FF4} = {02C012EC-B322-4C77-8D8B-9415F5EA158C}
		{43960A17-449C-4BF6-B891-3C06A5CC35C5} = {1906E401-9472-46C5-A606-AE375F108DF0}
		{8B712B65-110E-4F42-936D-918A24D868D4} = {1906E401-9472-46C5-A606-AE375F108DF0}
		{9A4285E2-236C-491A-A6BC-F4D3831414DA} = {43960A17-449C-4BF6-B891-3C06A5CC35C5}
		{BA48CA05-F0A7-4DFE-AE10-C7C56DB1A46C} = {FAEA9A9A-89B7-42DD-9D4C-976B58D435FE}
		{A2E05F00-C694-45B7-A1B0-0AB94CD147CE} = {FAEA9A9A-89B7-42DD-9D4C-976B58D435FE}
		{B4EBBAE1-B881-44CE-AD93-8693D2C393E7} = {02C012EC-B322-4C77-8D8B-9415F5EA158C}
	EndGlobalSection
	GlobalSection(ExtensibilityGlobals) = postSolution
		SolutionGuid = {340A386B-E26A-45F4-B407-6837B0C10062}
	EndGlobalSection
EndGlobal
